// !$*UTF8*$!
{
	archiveVersion = 1;
	classes = {
	};
	objectVersion = 50;
	objects = {

/* Begin PBXBuildFile section */
		7A097F00250EF7EE00B114F1 /* AppDelegate.swift in Sources */ = {isa = PBXBuildFile; fileRef = 7A097EFF250EF7EE00B114F1 /* AppDelegate.swift */; };
		7A097F02250EF7EE00B114F1 /* SceneDelegate.swift in Sources */ = {isa = PBXBuildFile; fileRef = 7A097F01250EF7EE00B114F1 /* SceneDelegate.swift */; };
		7A097F04250EF7EE00B114F1 /* ContentView.swift in Sources */ = {isa = PBXBuildFile; fileRef = 7A097F03250EF7EE00B114F1 /* ContentView.swift */; };
		7A097F06250EF7EF00B114F1 /* Assets.xcassets in Resources */ = {isa = PBXBuildFile; fileRef = 7A097F05250EF7EF00B114F1 /* Assets.xcassets */; };
		7A097F09250EF7EF00B114F1 /* Preview Assets.xcassets in Resources */ = {isa = PBXBuildFile; fileRef = 7A097F08250EF7EF00B114F1 /* Preview Assets.xcassets */; };
		7A097F0C250EF7EF00B114F1 /* LaunchScreen.storyboard in Resources */ = {isa = PBXBuildFile; fileRef = 7A097F0A250EF7EF00B114F1 /* LaunchScreen.storyboard */; };
		7A097F17250EF7F000B114F1 /* SegmentTests.swift in Sources */ = {isa = PBXBuildFile; fileRef = 7A097F16250EF7F000B114F1 /* SegmentTests.swift */; };
		7A097F22250EF7F000B114F1 /* SegmentUITests.swift in Sources */ = {isa = PBXBuildFile; fileRef = 7A097F21250EF7F000B114F1 /* SegmentUITests.swift */; };
/* End PBXBuildFile section */

/* Begin PBXContainerItemProxy section */
		7A097F13250EF7F000B114F1 /* PBXContainerItemProxy */ = {
			isa = PBXContainerItemProxy;
			containerPortal = 7A097EF4250EF7EE00B114F1 /* Project object */;
			proxyType = 1;
			remoteGlobalIDString = 7A097EFB250EF7EE00B114F1;
			remoteInfo = Segment;
		};
		7A097F1E250EF7F000B114F1 /* PBXContainerItemProxy */ = {
			isa = PBXContainerItemProxy;
			containerPortal = 7A097EF4250EF7EE00B114F1 /* Project object */;
			proxyType = 1;
			remoteGlobalIDString = 7A097EFB250EF7EE00B114F1;
			remoteInfo = Segment;
		};
/* End PBXContainerItemProxy section */

/* Begin PBXFileReference section */
		7A097EFC250EF7EE00B114F1 /* Segment.app */ = {isa = PBXFileReference; explicitFileType = wrapper.application; includeInIndex = 0; path = Segment.app; sourceTree = BUILT_PRODUCTS_DIR; };
		7A097EFF250EF7EE00B114F1 /* AppDelegate.swift */ = {isa = PBXFileReference; lastKnownFileType = sourcecode.swift; path = AppDelegate.swift; sourceTree = "<group>"; };
		7A097F01250EF7EE00B114F1 /* SceneDelegate.swift */ = {isa = PBXFileReference; lastKnownFileType = sourcecode.swift; path = SceneDelegate.swift; sourceTree = "<group>"; };
		7A097F03250EF7EE00B114F1 /* ContentView.swift */ = {isa = PBXFileReference; lastKnownFileType = sourcecode.swift; path = ContentView.swift; sourceTree = "<group>"; };
		7A097F05250EF7EF00B114F1 /* Assets.xcassets */ = {isa = PBXFileReference; lastKnownFileType = folder.assetcatalog; path = Assets.xcassets; sourceTree = "<group>"; };
		7A097F08250EF7EF00B114F1 /* Preview Assets.xcassets */ = {isa = PBXFileReference; lastKnownFileType = folder.assetcatalog; path = "Preview Assets.xcassets"; sourceTree = "<group>"; };
		7A097F0B250EF7EF00B114F1 /* Base */ = {isa = PBXFileReference; lastKnownFileType = file.storyboard; name = Base; path = Base.lproj/LaunchScreen.storyboard; sourceTree = "<group>"; };
		7A097F0D250EF7EF00B114F1 /* Info.plist */ = {isa = PBXFileReference; lastKnownFileType = text.plist.xml; path = Info.plist; sourceTree = "<group>"; };
		7A097F12250EF7F000B114F1 /* SegmentTests.xctest */ = {isa = PBXFileReference; explicitFileType = wrapper.cfbundle; includeInIndex = 0; path = SegmentTests.xctest; sourceTree = BUILT_PRODUCTS_DIR; };
		7A097F16250EF7F000B114F1 /* SegmentTests.swift */ = {isa = PBXFileReference; lastKnownFileType = sourcecode.swift; path = SegmentTests.swift; sourceTree = "<group>"; };
		7A097F18250EF7F000B114F1 /* Info.plist */ = {isa = PBXFileReference; lastKnownFileType = text.plist.xml; path = Info.plist; sourceTree = "<group>"; };
		7A097F1D250EF7F000B114F1 /* SegmentUITests.xctest */ = {isa = PBXFileReference; explicitFileType = wrapper.cfbundle; includeInIndex = 0; path = SegmentUITests.xctest; sourceTree = BUILT_PRODUCTS_DIR; };
		7A097F21250EF7F000B114F1 /* SegmentUITests.swift */ = {isa = PBXFileReference; lastKnownFileType = sourcecode.swift; path = SegmentUITests.swift; sourceTree = "<group>"; };
		7A097F23250EF7F000B114F1 /* Info.plist */ = {isa = PBXFileReference; lastKnownFileType = text.plist.xml; path = Info.plist; sourceTree = "<group>"; };
/* End PBXFileReference section */

/* Begin PBXFrameworksBuildPhase section */
		7A097EF9250EF7EE00B114F1 /* Frameworks */ = {
			isa = PBXFrameworksBuildPhase;
			buildActionMask = 2147483647;
			files = (
			);
			runOnlyForDeploymentPostprocessing = 0;
		};
		7A097F0F250EF7F000B114F1 /* Frameworks */ = {
			isa = PBXFrameworksBuildPhase;
			buildActionMask = 2147483647;
			files = (
			);
			runOnlyForDeploymentPostprocessing = 0;
		};
		7A097F1A250EF7F000B114F1 /* Frameworks */ = {
			isa = PBXFrameworksBuildPhase;
			buildActionMask = 2147483647;
			files = (
			);
			runOnlyForDeploymentPostprocessing = 0;
		};
/* End PBXFrameworksBuildPhase section */

/* Begin PBXGroup section */
		7A097EF3250EF7EE00B114F1 = {
			isa = PBXGroup;
			children = (
				7A097EFE250EF7EE00B114F1 /* Segment */,
				7A097F15250EF7F000B114F1 /* SegmentTests */,
				7A097F20250EF7F000B114F1 /* SegmentUITests */,
				7A097EFD250EF7EE00B114F1 /* Products */,
			);
			sourceTree = "<group>";
		};
		7A097EFD250EF7EE00B114F1 /* Products */ = {
			isa = PBXGroup;
			children = (
				7A097EFC250EF7EE00B114F1 /* Segment.app */,
				7A097F12250EF7F000B114F1 /* SegmentTests.xctest */,
				7A097F1D250EF7F000B114F1 /* SegmentUITests.xctest */,
			);
			name = Products;
			sourceTree = "<group>";
		};
		7A097EFE250EF7EE00B114F1 /* Segment */ = {
			isa = PBXGroup;
			children = (
				7A097EFF250EF7EE00B114F1 /* AppDelegate.swift */,
				7A097F01250EF7EE00B114F1 /* SceneDelegate.swift */,
				7A097F03250EF7EE00B114F1 /* ContentView.swift */,
				7A097F05250EF7EF00B114F1 /* Assets.xcassets */,
				7A097F0A250EF7EF00B114F1 /* LaunchScreen.storyboard */,
				7A097F0D250EF7EF00B114F1 /* Info.plist */,
				7A097F07250EF7EF00B114F1 /* Preview Content */,
			);
			path = Segment;
			sourceTree = "<group>";
		};
		7A097F07250EF7EF00B114F1 /* Preview Content */ = {
			isa = PBXGroup;
			children = (
				7A097F08250EF7EF00B114F1 /* Preview Assets.xcassets */,
			);
			path = "Preview Content";
			sourceTree = "<group>";
		};
		7A097F15250EF7F000B114F1 /* SegmentTests */ = {
			isa = PBXGroup;
			children = (
				7A097F16250EF7F000B114F1 /* SegmentTests.swift */,
				7A097F18250EF7F000B114F1 /* Info.plist */,
			);
			path = SegmentTests;
			sourceTree = "<group>";
		};
		7A097F20250EF7F000B114F1 /* SegmentUITests */ = {
			isa = PBXGroup;
			children = (
				7A097F21250EF7F000B114F1 /* SegmentUITests.swift */,
				7A097F23250EF7F000B114F1 /* Info.plist */,
			);
			path = SegmentUITests;
			sourceTree = "<group>";
		};
/* End PBXGroup section */

/* Begin PBXNativeTarget section */
		7A097EFB250EF7EE00B114F1 /* Segment */ = {
			isa = PBXNativeTarget;
			buildConfigurationList = 7A097F26250EF7F000B114F1 /* Build configuration list for PBXNativeTarget "Segment" */;
			buildPhases = (
				7A097EF8250EF7EE00B114F1 /* Sources */,
				7A097EF9250EF7EE00B114F1 /* Frameworks */,
				7A097EFA250EF7EE00B114F1 /* Resources */,
			);
			buildRules = (
			);
			dependencies = (
			);
			name = Segment;
			productName = Segment;
			productReference = 7A097EFC250EF7EE00B114F1 /* Segment.app */;
			productType = "com.apple.product-type.application";
		};
		7A097F11250EF7F000B114F1 /* SegmentTests */ = {
			isa = PBXNativeTarget;
			buildConfigurationList = 7A097F29250EF7F000B114F1 /* Build configuration list for PBXNativeTarget "SegmentTests" */;
			buildPhases = (
				7A097F0E250EF7F000B114F1 /* Sources */,
				7A097F0F250EF7F000B114F1 /* Frameworks */,
				7A097F10250EF7F000B114F1 /* Resources */,
			);
			buildRules = (
			);
			dependencies = (
				7A097F14250EF7F000B114F1 /* PBXTargetDependency */,
			);
			name = SegmentTests;
			productName = SegmentTests;
			productReference = 7A097F12250EF7F000B114F1 /* SegmentTests.xctest */;
			productType = "com.apple.product-type.bundle.unit-test";
		};
		7A097F1C250EF7F000B114F1 /* SegmentUITests */ = {
			isa = PBXNativeTarget;
			buildConfigurationList = 7A097F2C250EF7F000B114F1 /* Build configuration list for PBXNativeTarget "SegmentUITests" */;
			buildPhases = (
				7A097F19250EF7F000B114F1 /* Sources */,
				7A097F1A250EF7F000B114F1 /* Frameworks */,
				7A097F1B250EF7F000B114F1 /* Resources */,
			);
			buildRules = (
			);
			dependencies = (
				7A097F1F250EF7F000B114F1 /* PBXTargetDependency */,
			);
			name = SegmentUITests;
			productName = SegmentUITests;
			productReference = 7A097F1D250EF7F000B114F1 /* SegmentUITests.xctest */;
			productType = "com.apple.product-type.bundle.ui-testing";
		};
/* End PBXNativeTarget section */

/* Begin PBXProject section */
		7A097EF4250EF7EE00B114F1 /* Project object */ = {
			isa = PBXProject;
			attributes = {
				LastSwiftUpdateCheck = 1170;
				LastUpgradeCheck = 1170;
				ORGANIZATIONNAME = "Goncharov Evgenii";
				TargetAttributes = {
					7A097EFB250EF7EE00B114F1 = {
						CreatedOnToolsVersion = 11.7;
					};
					7A097F11250EF7F000B114F1 = {
						CreatedOnToolsVersion = 11.7;
						TestTargetID = 7A097EFB250EF7EE00B114F1;
					};
					7A097F1C250EF7F000B114F1 = {
						CreatedOnToolsVersion = 11.7;
						TestTargetID = 7A097EFB250EF7EE00B114F1;
					};
				};
			};
			buildConfigurationList = 7A097EF7250EF7EE00B114F1 /* Build configuration list for PBXProject "Segment" */;
			compatibilityVersion = "Xcode 9.3";
			developmentRegion = en;
			hasScannedForEncodings = 0;
			knownRegions = (
				en,
				Base,
			);
			mainGroup = 7A097EF3250EF7EE00B114F1;
			productRefGroup = 7A097EFD250EF7EE00B114F1 /* Products */;
			projectDirPath = "";
			projectRoot = "";
			targets = (
				7A097EFB250EF7EE00B114F1 /* Segment */,
				7A097F11250EF7F000B114F1 /* SegmentTests */,
				7A097F1C250EF7F000B114F1 /* SegmentUITests */,
			);
		};
/* End PBXProject section */

/* Begin PBXResourcesBuildPhase section */
		7A097EFA250EF7EE00B114F1 /* Resources */ = {
			isa = PBXResourcesBuildPhase;
			buildActionMask = 2147483647;
			files = (
				7A097F0C250EF7EF00B114F1 /* LaunchScreen.storyboard in Resources */,
				7A097F09250EF7EF00B114F1 /* Preview Assets.xcassets in Resources */,
				7A097F06250EF7EF00B114F1 /* Assets.xcassets in Resources */,
			);
			runOnlyForDeploymentPostprocessing = 0;
		};
		7A097F10250EF7F000B114F1 /* Resources */ = {
			isa = PBXResourcesBuildPhase;
			buildActionMask = 2147483647;
			files = (
			);
			runOnlyForDeploymentPostprocessing = 0;
		};
		7A097F1B250EF7F000B114F1 /* Resources */ = {
			isa = PBXResourcesBuildPhase;
			buildActionMask = 2147483647;
			files = (
			);
			runOnlyForDeploymentPostprocessing = 0;
		};
/* End PBXResourcesBuildPhase section */

/* Begin PBXSourcesBuildPhase section */
		7A097EF8250EF7EE00B114F1 /* Sources */ = {
			isa = PBXSourcesBuildPhase;
			buildActionMask = 2147483647;
			files = (
				7A097F00250EF7EE00B114F1 /* AppDelegate.swift in Sources */,
				7A097F02250EF7EE00B114F1 /* SceneDelegate.swift in Sources */,
				7A097F04250EF7EE00B114F1 /* ContentView.swift in Sources */,
			);
			runOnlyForDeploymentPostprocessing = 0;
		};
		7A097F0E250EF7F000B114F1 /* Sources */ = {
			isa = PBXSourcesBuildPhase;
			buildActionMask = 2147483647;
			files = (
				7A097F17250EF7F000B114F1 /* SegmentTests.swift in Sources */,
			);
			runOnlyForDeploymentPostprocessing = 0;
		};
		7A097F19250EF7F000B114F1 /* Sources */ = {
			isa = PBXSourcesBuildPhase;
			buildActionMask = 2147483647;
			files = (
				7A097F22250EF7F000B114F1 /* SegmentUITests.swift in Sources */,
			);
			runOnlyForDeploymentPostprocessing = 0;
		};
/* End PBXSourcesBuildPhase section */

/* Begin PBXTargetDependency section */
		7A097F14250EF7F000B114F1 /* PBXTargetDependency */ = {
			isa = PBXTargetDependency;
			target = 7A097EFB250EF7EE00B114F1 /* Segment */;
			targetProxy = 7A097F13250EF7F000B114F1 /* PBXContainerItemProxy */;
		};
		7A097F1F250EF7F000B114F1 /* PBXTargetDependency */ = {
			isa = PBXTargetDependency;
			target = 7A097EFB250EF7EE00B114F1 /* Segment */;
			targetProxy = 7A097F1E250EF7F000B114F1 /* PBXContainerItemProxy */;
		};
/* End PBXTargetDependency section */

/* Begin PBXVariantGroup section */
		7A097F0A250EF7EF00B114F1 /* LaunchScreen.storyboard */ = {
			isa = PBXVariantGroup;
			children = (
				7A097F0B250EF7EF00B114F1 /* Base */,
			);
			name = LaunchScreen.storyboard;
			sourceTree = "<group>";
		};
/* End PBXVariantGroup section */

/* Begin XCBuildConfiguration section */
		7A097F24250EF7F000B114F1 /* Debug */ = {
			isa = XCBuildConfiguration;
			buildSettings = {
				ALWAYS_SEARCH_USER_PATHS = NO;
				CLANG_ANALYZER_NONNULL = YES;
				CLANG_ANALYZER_NUMBER_OBJECT_CONVERSION = YES_AGGRESSIVE;
				CLANG_CXX_LANGUAGE_STANDARD = "gnu++14";
				CLANG_CXX_LIBRARY = "libc++";
				CLANG_ENABLE_MODULES = YES;
				CLANG_ENABLE_OBJC_ARC = YES;
				CLANG_ENABLE_OBJC_WEAK = YES;
				CLANG_WARN_BLOCK_CAPTURE_AUTORELEASING = YES;
				CLANG_WARN_BOOL_CONVERSION = YES;
				CLANG_WARN_COMMA = YES;
				CLANG_WARN_CONSTANT_CONVERSION = YES;
				CLANG_WARN_DEPRECATED_OBJC_IMPLEMENTATIONS = YES;
				CLANG_WARN_DIRECT_OBJC_ISA_USAGE = YES_ERROR;
				CLANG_WARN_DOCUMENTATION_COMMENTS = YES;
				CLANG_WARN_EMPTY_BODY = YES;
				CLANG_WARN_ENUM_CONVERSION = YES;
				CLANG_WARN_INFINITE_RECURSION = YES;
				CLANG_WARN_INT_CONVERSION = YES;
				CLANG_WARN_NON_LITERAL_NULL_CONVERSION = YES;
				CLANG_WARN_OBJC_IMPLICIT_RETAIN_SELF = YES;
				CLANG_WARN_OBJC_LITERAL_CONVERSION = YES;
				CLANG_WARN_OBJC_ROOT_CLASS = YES_ERROR;
				CLANG_WARN_RANGE_LOOP_ANALYSIS = YES;
				CLANG_WARN_STRICT_PROTOTYPES = YES;
				CLANG_WARN_SUSPICIOUS_MOVE = YES;
				CLANG_WARN_UNGUARDED_AVAILABILITY = YES_AGGRESSIVE;
				CLANG_WARN_UNREACHABLE_CODE = YES;
				CLANG_WARN__DUPLICATE_METHOD_MATCH = YES;
				COPY_PHASE_STRIP = NO;
				DEBUG_INFORMATION_FORMAT = dwarf;
				ENABLE_STRICT_OBJC_MSGSEND = YES;
				ENABLE_TESTABILITY = YES;
				GCC_C_LANGUAGE_STANDARD = gnu11;
				GCC_DYNAMIC_NO_PIC = NO;
				GCC_NO_COMMON_BLOCKS = YES;
				GCC_OPTIMIZATION_LEVEL = 0;
				GCC_PREPROCESSOR_DEFINITIONS = (
					"DEBUG=1",
					"$(inherited)",
				);
				GCC_WARN_64_TO_32_BIT_CONVERSION = YES;
				GCC_WARN_ABOUT_RETURN_TYPE = YES_ERROR;
				GCC_WARN_UNDECLARED_SELECTOR = YES;
				GCC_WARN_UNINITIALIZED_AUTOS = YES_AGGRESSIVE;
				GCC_WARN_UNUSED_FUNCTION = YES;
				GCC_WARN_UNUSED_VARIABLE = YES;
				IPHONEOS_DEPLOYMENT_TARGET = 13.7;
				MTL_ENABLE_DEBUG_INFO = INCLUDE_SOURCE;
				MTL_FAST_MATH = YES;
				ONLY_ACTIVE_ARCH = YES;
				SDKROOT = iphoneos;
				SWIFT_ACTIVE_COMPILATION_CONDITIONS = DEBUG;
				SWIFT_OPTIMIZATION_LEVEL = "-Onone";
			};
			name = Debug;
		};
		7A097F25250EF7F000B114F1 /* Release */ = {
			isa = XCBuildConfiguration;
			buildSettings = {
				ALWAYS_SEARCH_USER_PATHS = NO;
				CLANG_ANALYZER_NONNULL = YES;
				CLANG_ANALYZER_NUMBER_OBJECT_CONVERSION = YES_AGGRESSIVE;
				CLANG_CXX_LANGUAGE_STANDARD = "gnu++14";
				CLANG_CXX_LIBRARY = "libc++";
				CLANG_ENABLE_MODULES = YES;
				CLANG_ENABLE_OBJC_ARC = YES;
				CLANG_ENABLE_OBJC_WEAK = YES;
				CLANG_WARN_BLOCK_CAPTURE_AUTORELEASING = YES;
				CLANG_WARN_BOOL_CONVERSION = YES;
				CLANG_WARN_COMMA = YES;
				CLANG_WARN_CONSTANT_CONVERSION = YES;
				CLANG_WARN_DEPRECATED_OBJC_IMPLEMENTATIONS = YES;
				CLANG_WARN_DIRECT_OBJC_ISA_USAGE = YES_ERROR;
				CLANG_WARN_DOCUMENTATION_COMMENTS = YES;
				CLANG_WARN_EMPTY_BODY = YES;
				CLANG_WARN_ENUM_CONVERSION = YES;
				CLANG_WARN_INFINITE_RECURSION = YES;
				CLANG_WARN_INT_CONVERSION = YES;
				CLANG_WARN_NON_LITERAL_NULL_CONVERSION = YES;
				CLANG_WARN_OBJC_IMPLICIT_RETAIN_SELF = YES;
				CLANG_WARN_OBJC_LITERAL_CONVERSION = YES;
				CLANG_WARN_OBJC_ROOT_CLASS = YES_ERROR;
				CLANG_WARN_RANGE_LOOP_ANALYSIS = YES;
				CLANG_WARN_STRICT_PROTOTYPES = YES;
				CLANG_WARN_SUSPICIOUS_MOVE = YES;
				CLANG_WARN_UNGUARDED_AVAILABILITY = YES_AGGRESSIVE;
				CLANG_WARN_UNREACHABLE_CODE = YES;
				CLANG_WARN__DUPLICATE_METHOD_MATCH = YES;
				COPY_PHASE_STRIP = NO;
				DEBUG_INFORMATION_FORMAT = "dwarf-with-dsym";
				ENABLE_NS_ASSERTIONS = NO;
				ENABLE_STRICT_OBJC_MSGSEND = YES;
				GCC_C_LANGUAGE_STANDARD = gnu11;
				GCC_NO_COMMON_BLOCKS = YES;
				GCC_WARN_64_TO_32_BIT_CONVERSION = YES;
				GCC_WARN_ABOUT_RETURN_TYPE = YES_ERROR;
				GCC_WARN_UNDECLARED_SELECTOR = YES;
				GCC_WARN_UNINITIALIZED_AUTOS = YES_AGGRESSIVE;
				GCC_WARN_UNUSED_FUNCTION = YES;
				GCC_WARN_UNUSED_VARIABLE = YES;
				IPHONEOS_DEPLOYMENT_TARGET = 13.7;
				MTL_ENABLE_DEBUG_INFO = NO;
				MTL_FAST_MATH = YES;
				SDKROOT = iphoneos;
				SWIFT_COMPILATION_MODE = wholemodule;
				SWIFT_OPTIMIZATION_LEVEL = "-O";
				VALIDATE_PRODUCT = YES;
			};
			name = Release;
		};
		7A097F27250EF7F000B114F1 /* Debug */ = {
			isa = XCBuildConfiguration;
			buildSettings = {
				ASSETCATALOG_COMPILER_APPICON_NAME = AppIcon;
				CODE_SIGN_STYLE = Automatic;
				DEVELOPMENT_ASSET_PATHS = "\"Segment/Preview Content\"";
				DEVELOPMENT_TEAM = A5MF3X8BX8;
				ENABLE_PREVIEWS = YES;
				INFOPLIST_FILE = Segment/Info.plist;
				LD_RUNPATH_SEARCH_PATHS = (
					"$(inherited)",
					"@executable_path/Frameworks",
				);
				PRODUCT_BUNDLE_IDENTIFIER = swiftui.Segment;
				PRODUCT_NAME = "$(TARGET_NAME)";
				SWIFT_VERSION = 5.0;
				TARGETED_DEVICE_FAMILY = "1,2";
			};
			name = Debug;
		};
		7A097F28250EF7F000B114F1 /* Release */ = {
			isa = XCBuildConfiguration;
			buildSettings = {
				ASSETCATALOG_COMPILER_APPICON_NAME = AppIcon;
				CODE_SIGN_STYLE = Automatic;
				DEVELOPMENT_ASSET_PATHS = "\"Segment/Preview Content\"";
				DEVELOPMENT_TEAM = A5MF3X8BX8;
				ENABLE_PREVIEWS = YES;
				INFOPLIST_FILE = Segment/Info.plist;
				LD_RUNPATH_SEARCH_PATHS = (
					"$(inherited)",
					"@executable_path/Frameworks",
				);
				PRODUCT_BUNDLE_IDENTIFIER = swiftui.Segment;
				PRODUCT_NAME = "$(TARGET_NAME)";
				SWIFT_VERSION = 5.0;
				TARGETED_DEVICE_FAMILY = "1,2";
			};
			name = Release;
		};
		7A097F2A250EF7F000B114F1 /* Debug */ = {
			isa = XCBuildConfiguration;
			buildSettings = {
				ALWAYS_EMBED_SWIFT_STANDARD_LIBRARIES = YES;
				BUNDLE_LOADER = "$(TEST_HOST)";
				CODE_SIGN_STYLE = Automatic;
				DEVELOPMENT_TEAM = A5MF3X8BX8;
				INFOPLIST_FILE = SegmentTests/Info.plist;
				IPHONEOS_DEPLOYMENT_TARGET = 13.7;
				LD_RUNPATH_SEARCH_PATHS = (
					"$(inherited)",
					"@executable_path/Frameworks",
					"@loader_path/Frameworks",
				);
				PRODUCT_BUNDLE_IDENTIFIER = swiftui.SegmentTests;
				PRODUCT_NAME = "$(TARGET_NAME)";
				SWIFT_VERSION = 5.0;
				TARGETED_DEVICE_FAMILY = "1,2";
				TEST_HOST = "$(BUILT_PRODUCTS_DIR)/Segment.app/Segment";
			};
			name = Debug;
		};
		7A097F2B250EF7F000B114F1 /* Release */ = {
			isa = XCBuildConfiguration;
			buildSettings = {
				ALWAYS_EMBED_SWIFT_STANDARD_LIBRARIES = YES;
				BUNDLE_LOADER = "$(TEST_HOST)";
				CODE_SIGN_STYLE = Automatic;
				DEVELOPMENT_TEAM = A5MF3X8BX8;
				INFOPLIST_FILE = SegmentTests/Info.plist;
				IPHONEOS_DEPLOYMENT_TARGET = 13.7;
				LD_RUNPATH_SEARCH_PATHS = (
					"$(inherited)",
					"@executable_path/Frameworks",
					"@loader_path/Frameworks",
				);
				PRODUCT_BUNDLE_IDENTIFIER = swiftui.SegmentTests;
				PRODUCT_NAME = "$(TARGET_NAME)";
				SWIFT_VERSION = 5.0;
				TARGETED_DEVICE_FAMILY = "1,2";
				TEST_HOST = "$(BUILT_PRODUCTS_DIR)/Segment.app/Segment";
			};
			name = Release;
		};
		7A097F2D250EF7F000B114F1 /* Debug */ = {
			isa = XCBuildConfiguration;
			buildSettings = {
				ALWAYS_EMBED_SWIFT_STANDARD_LIBRARIES = YES;
				CODE_SIGN_STYLE = Automatic;
				DEVELOPMENT_TEAM = A5MF3X8BX8;
				INFOPLIST_FILE = SegmentUITests/Info.plist;
				LD_RUNPATH_SEARCH_PATHS = (
					"$(inherited)",
					"@executable_path/Frameworks",
					"@loader_path/Frameworks",
				);
				PRODUCT_BUNDLE_IDENTIFIER = swiftui.SegmentUITests;
				PRODUCT_NAME = "$(TARGET_NAME)";
				SWIFT_VERSION = 5.0;
				TARGETED_DEVICE_FAMILY = "1,2";
				TEST_TARGET_NAME = Segment;
			};
			name = Debug;
		};
		7A097F2E250EF7F000B114F1 /* Release */ = {
			isa = XCBuildConfiguration;
			buildSettings = {
				ALWAYS_EMBED_SWIFT_STANDARD_LIBRARIES = YES;
				CODE_SIGN_STYLE = Automatic;
				DEVELOPMENT_TEAM = A5MF3X8BX8;
				INFOPLIST_FILE = SegmentUITests/Info.plist;
				LD_RUNPATH_SEARCH_PATHS = (
					"$(inherited)",
					"@executable_path/Frameworks",
					"@loader_path/Frameworks",
				);
				PRODUCT_BUNDLE_IDENTIFIER = swiftui.SegmentUITests;
				PRODUCT_NAME = "$(TARGET_NAME)";
				SWIFT_VERSION = 5.0;
				TARGETED_DEVICE_FAMILY = "1,2";
				TEST_TARGET_NAME = Segment;
			};
			name = Release;
		};
/* End XCBuildConfiguration section */

/* Begin XCConfigurationList section */
		7A097EF7250EF7EE00B114F1 /* Build configuration list for PBXProject "Segment" */ = {
			isa = XCConfigurationList;
			buildConfigurations = (
				7A097F24250EF7F000B114F1 /* Debug */,
				7A097F25250EF7F000B114F1 /* Release */,
			);
			defaultConfigurationIsVisible = 0;
			defaultConfigurationName = Release;
		};
		7A097F26250EF7F000B114F1 /* Build configuration list for PBXNativeTarget "Segment" */ = {
			isa = XCConfigurationList;
			buildConfigurations = (
				7A097F27250EF7F000B114F1 /* Debug */,
				7A097F28250EF7F000B114F1 /* Release */,
			);
			defaultConfigurationIsVisible = 0;
			defaultConfigurationName = Release;
		};
		7A097F29250EF7F000B114F1 /* Build configuration list for PBXNativeTarget "SegmentTests" */ = {
			isa = XCConfigurationList;
			buildConfigurations = (
				7A097F2A250EF7F000B114F1 /* Debug */,
				7A097F2B250EF7F000B114F1 /* Release */,
			);
			defaultConfigurationIsVisible = 0;
			defaultConfigurationName = Release;
		};
		7A097F2C250EF7F000B114F1 /* Build configuration list for PBXNativeTarget "SegmentUITests" */ = {
			isa = XCConfigurationList;
			buildConfigurations = (
				7A097F2D250EF7F000B114F1 /* Debug */,
				7A097F2E250EF7F000B114F1 /* Release */,
			);
			defaultConfigurationIsVisible = 0;
			defaultConfigurationName = Release;
		};
/* End XCConfigurationList section */
	};
	rootObject = 7A097EF4250EF7EE00B114F1 /* Project object */;
}
